
Microsoft Visual Studio Solution File, Format Version 12.00
# Visual Studio 15
Project("{FAE04EC0-301F-11D3-BF4B-00C04F79EFBC}") = "GC_Lab9_StudentDatabase", "GC_Lab9_StudentDatabase\GC_Lab9_StudentDatabase.csproj", "{5A33BCF9-87D6-4734-9CB9-49E186D1B99B}"
EndProject
Global
	GlobalSection(SolutionConfigurationPlatforms) = preSolution
		Debug|Any CPU = Debug|Any CPU
		Release|Any CPU = Release|Any CPU
	EndGlobalSection
	GlobalSection(ProjectConfigurationPlatforms) = postSolution
		{5A33BCF9-87D6-4734-9CB9-49E186D1B99B}.Debug|Any CPU.ActiveCfg = Debug|Any CPU
		{5A33BCF9-87D6-4734-9CB9-49E186D1B99B}.Debug|Any CPU.Build.0 = Debug|Any CPU
		{5A33BCF9-87D6-4734-9CB9-49E186D1B99B}.Release|Any CPU.ActiveCfg = Release|Any CPU
		{5A33BCF9-87D6-4734-9CB9-49E186D1B99B}.Release|Any CPU.Build.0 = Release|Any CPU
	EndGlobalSection
EndGlobal
